
Microsoft Visual Studio Solution File, Format Version 12.00
# Visual Studio 2012
Project("{FAE04EC0-301F-11D3-BF4B-00C04F79EFBC}") = "StoreLite", "StoreLite\StoreLite.csproj", "{760C8257-2E30-457C-8505-E8E6C5AC8EF4}"
EndProject
Global
	GlobalSection(SolutionConfigurationPlatforms) = preSolution
		Debug|Any CPU = Debug|Any CPU
		Release|Any CPU = Release|Any CPU
	EndGlobalSection
	GlobalSection(ProjectConfigurationPlatforms) = postSolution
		{760C8257-2E30-457C-8505-E8E6C5AC8EF4}.Debug|Any CPU.ActiveCfg = Debug|Any CPU
		{760C8257-2E30-457C-8505-E8E6C5AC8EF4}.Debug|Any CPU.Build.0 = Debug|Any CPU
		{760C8257-2E30-457C-8505-E8E6C5AC8EF4}.Release|Any CPU.ActiveCfg = Release|Any CPU
		{760C8257-2E30-457C-8505-E8E6C5AC8EF4}.Release|Any CPU.Build.0 = Release|Any CPU
	EndGlobalSection
	GlobalSection(SolutionProperties) = preSolution
		HideSolutionNode = FALSE
	EndGlobalSection
EndGlobal
